
Microsoft Visual Studio Solution File, Format Version 12.00
# Visual Studio Version 16
VisualStudioVersion = 16.0.30413.136
MinimumVisualStudioVersion = 10.0.40219.1
Project("{9A19103F-16F7-4668-BE54-9A1E7A4F7556}") = "WebApi", "WebApi.csproj", "{0241FC76-BC2F-407A-944C-ED83CC3008EC}"
EndProject
Global
	GlobalSection(SolutionConfigurationPlatforms) = preSolution
		Debug|Any CPU = Debug|Any CPU
		Release|Any CPU = Release|Any CPU
	EndGlobalSection
	GlobalSection(ProjectConfigurationPlatforms) = postSolution
		{0241FC76-BC2F-407A-944C-ED83CC3008EC}.Debug|Any CPU.ActiveCfg = Debug|Any CPU
		{0241FC76-BC2F-407A-944C-ED83CC3008EC}.Debug|Any CPU.Build.0 = Debug|Any CPU
		{0241FC76-BC2F-407A-944C-ED83CC3008EC}.Release|Any CPU.ActiveCfg = Release|Any CPU
		{0241FC76-BC2F-407A-944C-ED83CC3008EC}.Release|Any CPU.Build.0 = Release|Any CPU
	EndGlobalSection
	GlobalSection(SolutionProperties) = preSolution
		HideSolutionNode = FALSE
	EndGlobalSection
	GlobalSection(ExtensibilityGlobals) = postSolution
		SolutionGuid = {03AE8563-49E4-4779-809C-7C31C6830865}
	EndGlobalSection
EndGlobal
